// !$*UTF8*$!
{
	archiveVersion = 1;
	classes = {
	};
	objectVersion = 50;
	objects = {
/* Begin PBXBuildFile section */
		1C1862557CA88D1BD64F621D /* Pods_react_native.framework in Frameworks */ = {isa = PBXBuildFile; fileRef = 8610002447B4DCDBDF331C51 /* Pods_react_native.framework */; };
		8EF68E3D212D25C600C9D2D0 /* AppDelegate.swift in Sources */ = {isa = PBXBuildFile; fileRef = 8EF68E3C212D25C600C9D2D0 /* AppDelegate.swift */; };
		8EF68E3F212D25C600C9D2D0 /* ViewController.swift in Sources */ = {isa = PBXBuildFile; fileRef = 8EF68E3E212D25C600C9D2D0 /* ViewController.swift */; };
		8EF68E42212D25C600C9D2D0 /* Main.storyboard in Resources */ = {isa = PBXBuildFile; fileRef = 8EF68E40212D25C600C9D2D0 /* Main.storyboard */; };
		8EF68E44212D25C700C9D2D0 /* Assets.xcassets in Resources */ = {isa = PBXBuildFile; fileRef = 8EF68E43212D25C700C9D2D0 /* Assets.xcassets */; };
		8EF68E47212D25C700C9D2D0 /* LaunchScreen.storyboard in Resources */ = {isa = PBXBuildFile; fileRef = 8EF68E45212D25C700C9D2D0 /* LaunchScreen.storyboard */; };
		296BFD5F8760414493D50580 /* Entypo.ttf in Resources */ = {isa = PBXBuildFile; fileRef = 88754EE72E04400AB6502511 /* Entypo.ttf */; };
		18DD907BA8C9413CADDF7678 /* EvilIcons.ttf in Resources */ = {isa = PBXBuildFile; fileRef = B684D9D7319649ECA9396627 /* EvilIcons.ttf */; };
		746B781F0E154C28BECD5283 /* Feather.ttf in Resources */ = {isa = PBXBuildFile; fileRef = 934BB864B5924417BD5651E2 /* Feather.ttf */; };
		4E14C768987948AE81694FCE /* FontAwesome.ttf in Resources */ = {isa = PBXBuildFile; fileRef = 5F62285358CE4F588398C181 /* FontAwesome.ttf */; };
		602CBA2DED5F43E585911204 /* Foundation.ttf in Resources */ = {isa = PBXBuildFile; fileRef = 0AC491BB1E22412F96C21982 /* Foundation.ttf */; };
		DE25D1C1010045CCA3C2DD95 /* Ionicons.ttf in Resources */ = {isa = PBXBuildFile; fileRef = 2CFC8F96A7C94D9B8BEE9378 /* Ionicons.ttf */; };
		69F8EADFBB724A2EBB200005 /* MaterialCommunityIcons.ttf in Resources */ = {isa = PBXBuildFile; fileRef = 9A5F763C569A421B88F44E5E /* MaterialCommunityIcons.ttf */; };
		89D83B6E13554898A858B1F5 /* MaterialIcons.ttf in Resources */ = {isa = PBXBuildFile; fileRef = 09383ECBB0904F51937EBAF1 /* MaterialIcons.ttf */; };
		90A8C3E155734A05B0508F59 /* Octicons.ttf in Resources */ = {isa = PBXBuildFile; fileRef = 4D340E857CF24381B323B0B6 /* Octicons.ttf */; };
		896624BD0AB044958D97B730 /* Roboto_medium.ttf in Resources */ = {isa = PBXBuildFile; fileRef = 8DDF0186CDB844A4BB814A7E /* Roboto_medium.ttf */; };
		C1641BE15928450691B37302 /* Roboto.ttf in Resources */ = {isa = PBXBuildFile; fileRef = 96B03B03B70B4382A6EF4C89 /* Roboto.ttf */; };
		5E17D5EE04EF41558C072821 /* rubicon-icon-font.ttf in Resources */ = {isa = PBXBuildFile; fileRef = 4D007047F97F4731BF61709A /* rubicon-icon-font.ttf */; };
		B3749DC4FD5F446DAB513584 /* SimpleLineIcons.ttf in Resources */ = {isa = PBXBuildFile; fileRef = 7508CD2107D44028A8E8CC09 /* SimpleLineIcons.ttf */; };
		6481A7D7E91E4415B17605E9 /* Zocial.ttf in Resources */ = {isa = PBXBuildFile; fileRef = 976FA828739A4130AF8E1AE0 /* Zocial.ttf */; };
/* End PBXBuildFile section */

/* Begin PBXFileReference section */
		4A38D018CA44462638FC547D /* Pods-react_native.debug.xcconfig */ = {isa = PBXFileReference; includeInIndex = 1; lastKnownFileType = text.xcconfig; name = "Pods-react_native.debug.xcconfig"; path = "Pods/Target Support Files/Pods-react_native/Pods-react_native.debug.xcconfig"; sourceTree = "<group>"; };
		8610002447B4DCDBDF331C51 /* Pods_react_native.framework */ = {isa = PBXFileReference; explicitFileType = wrapper.framework; includeInIndex = 0; path = Pods_react_native.framework; sourceTree = BUILT_PRODUCTS_DIR; };
		8EF68E39212D25C600C9D2D0 /* react_native.app */ = {isa = PBXFileReference; explicitFileType = wrapper.application; includeInIndex = 0; path = react_native.app; sourceTree = BUILT_PRODUCTS_DIR; };
		8EF68E3C212D25C600C9D2D0 /* AppDelegate.swift */ = {isa = PBXFileReference; lastKnownFileType = sourcecode.swift; path = AppDelegate.swift; sourceTree = "<group>"; };
		8EF68E3E212D25C600C9D2D0 /* ViewController.swift */ = {isa = PBXFileReference; lastKnownFileType = sourcecode.swift; path = ViewController.swift; sourceTree = "<group>"; };
		8EF68E41212D25C600C9D2D0 /* Base */ = {isa = PBXFileReference; lastKnownFileType = file.storyboard; name = Base; path = Base.lproj/Main.storyboard; sourceTree = "<group>"; };
		8EF68E43212D25C700C9D2D0 /* Assets.xcassets */ = {isa = PBXFileReference; lastKnownFileType = folder.assetcatalog; path = Assets.xcassets; sourceTree = "<group>"; };
		8EF68E46212D25C700C9D2D0 /* Base */ = {isa = PBXFileReference; lastKnownFileType = file.storyboard; name = Base; path = Base.lproj/LaunchScreen.storyboard; sourceTree = "<group>"; };
		8EF68E48212D25C700C9D2D0 /* Info.plist */ = {isa = PBXFileReference; lastKnownFileType = text.plist.xml; path = Info.plist; sourceTree = "<group>"; };
		CC86C777C5BC064226EEB102 /* Pods-react_native.release.xcconfig */ = {isa = PBXFileReference; includeInIndex = 1; lastKnownFileType = text.xcconfig; name = "Pods-react_native.release.xcconfig"; path = "Pods/Target Support Files/Pods-react_native/Pods-react_native.release.xcconfig"; sourceTree = "<group>"; };
		88754EE72E04400AB6502511 /* Entypo.ttf */ = {isa = PBXFileReference; name = "Entypo.ttf"; path = "../node_modules/native-base/Fonts/Entypo.ttf"; sourceTree = "<group>"; fileEncoding = undefined; lastKnownFileType = unknown; explicitFileType = undefined; includeInIndex = 0; };
		B684D9D7319649ECA9396627 /* EvilIcons.ttf */ = {isa = PBXFileReference; name = "EvilIcons.ttf"; path = "../node_modules/native-base/Fonts/EvilIcons.ttf"; sourceTree = "<group>"; fileEncoding = undefined; lastKnownFileType = unknown; explicitFileType = undefined; includeInIndex = 0; };
		934BB864B5924417BD5651E2 /* Feather.ttf */ = {isa = PBXFileReference; name = "Feather.ttf"; path = "../node_modules/native-base/Fonts/Feather.ttf"; sourceTree = "<group>"; fileEncoding = undefined; lastKnownFileType = unknown; explicitFileType = undefined; includeInIndex = 0; };
		5F62285358CE4F588398C181 /* FontAwesome.ttf */ = {isa = PBXFileReference; name = "FontAwesome.ttf"; path = "../node_modules/native-base/Fonts/FontAwesome.ttf"; sourceTree = "<group>"; fileEncoding = undefined; lastKnownFileType = unknown; explicitFileType = undefined; includeInIndex = 0; };
		0AC491BB1E22412F96C21982 /* Foundation.ttf */ = {isa = PBXFileReference; name = "Foundation.ttf"; path = "../node_modules/native-base/Fonts/Foundation.ttf"; sourceTree = "<group>"; fileEncoding = undefined; lastKnownFileType = unknown; explicitFileType = undefined; includeInIndex = 0; };
		2CFC8F96A7C94D9B8BEE9378 /* Ionicons.ttf */ = {isa = PBXFileReference; name = "Ionicons.ttf"; path = "../node_modules/native-base/Fonts/Ionicons.ttf"; sourceTree = "<group>"; fileEncoding = undefined; lastKnownFileType = unknown; explicitFileType = undefined; includeInIndex = 0; };
		9A5F763C569A421B88F44E5E /* MaterialCommunityIcons.ttf */ = {isa = PBXFileReference; name = "MaterialCommunityIcons.ttf"; path = "../node_modules/native-base/Fonts/MaterialCommunityIcons.ttf"; sourceTree = "<group>"; fileEncoding = undefined; lastKnownFileType = unknown; explicitFileType = undefined; includeInIndex = 0; };
		09383ECBB0904F51937EBAF1 /* MaterialIcons.ttf */ = {isa = PBXFileReference; name = "MaterialIcons.ttf"; path = "../node_modules/native-base/Fonts/MaterialIcons.ttf"; sourceTree = "<group>"; fileEncoding = undefined; lastKnownFileType = unknown; explicitFileType = undefined; includeInIndex = 0; };
		4D340E857CF24381B323B0B6 /* Octicons.ttf */ = {isa = PBXFileReference; name = "Octicons.ttf"; path = "../node_modules/native-base/Fonts/Octicons.ttf"; sourceTree = "<group>"; fileEncoding = undefined; lastKnownFileType = unknown; explicitFileType = undefined; includeInIndex = 0; };
		8DDF0186CDB844A4BB814A7E /* Roboto_medium.ttf */ = {isa = PBXFileReference; name = "Roboto_medium.ttf"; path = "../node_modules/native-base/Fonts/Roboto_medium.ttf"; sourceTree = "<group>"; fileEncoding = undefined; lastKnownFileType = unknown; explicitFileType = undefined; includeInIndex = 0; };
		96B03B03B70B4382A6EF4C89 /* Roboto.ttf */ = {isa = PBXFileReference; name = "Roboto.ttf"; path = "../node_modules/native-base/Fonts/Roboto.ttf"; sourceTree = "<group>"; fileEncoding = undefined; lastKnownFileType = unknown; explicitFileType = undefined; includeInIndex = 0; };
		4D007047F97F4731BF61709A /* rubicon-icon-font.ttf */ = {isa = PBXFileReference; name = "rubicon-icon-font.ttf"; path = "../node_modules/native-base/Fonts/rubicon-icon-font.ttf"; sourceTree = "<group>"; fileEncoding = undefined; lastKnownFileType = unknown; explicitFileType = undefined; includeInIndex = 0; };
		7508CD2107D44028A8E8CC09 /* SimpleLineIcons.ttf */ = {isa = PBXFileReference; name = "SimpleLineIcons.ttf"; path = "../node_modules/native-base/Fonts/SimpleLineIcons.ttf"; sourceTree = "<group>"; fileEncoding = undefined; lastKnownFileType = unknown; explicitFileType = undefined; includeInIndex = 0; };
		976FA828739A4130AF8E1AE0 /* Zocial.ttf */ = {isa = PBXFileReference; name = "Zocial.ttf"; path = "../node_modules/native-base/Fonts/Zocial.ttf"; sourceTree = "<group>"; fileEncoding = undefined; lastKnownFileType = unknown; explicitFileType = undefined; includeInIndex = 0; };
/* End PBXFileReference section */

/* Begin PBXFrameworksBuildPhase section */
		8EF68E36212D25C600C9D2D0 /* Frameworks */ = {
			isa = PBXFrameworksBuildPhase;
			buildActionMask = 2147483647;
			files = (
				1C1862557CA88D1BD64F621D /* Pods_react_native.framework in Frameworks */,
			);
			runOnlyForDeploymentPostprocessing = 0;
		};
/* End PBXFrameworksBuildPhase section */

/* Begin PBXGroup section */
		3AA95021FAEA5683B1DE308E /* Frameworks */ = {
			isa = PBXGroup;
			children = (
				8610002447B4DCDBDF331C51 /* Pods_react_native.framework */,
			);
			name = Frameworks;
			sourceTree = "<group>";
		};
		80C2201579CBF5EC4D6BFE59 /* Pods */ = {
			isa = PBXGroup;
			children = (
				4A38D018CA44462638FC547D /* Pods-react_native.debug.xcconfig */,
				CC86C777C5BC064226EEB102 /* Pods-react_native.release.xcconfig */,
			);
			name = Pods;
			sourceTree = "<group>";
		};
		8EF68E30212D25C600C9D2D0 = {
			isa = PBXGroup;
			children = (
				8EF68E3B212D25C600C9D2D0 /* react_native */,
				8EF68E3A212D25C600C9D2D0 /* Products */,
				80C2201579CBF5EC4D6BFE59 /* Pods */,
				3AA95021FAEA5683B1DE308E /* Frameworks */,
				A704BB5A4F284D279A1B381E /* Resources */,
			);
			sourceTree = "<group>";
		};
		8EF68E3A212D25C600C9D2D0 /* Products */ = {
			isa = PBXGroup;
			children = (
				8EF68E39212D25C600C9D2D0 /* react_native.app */,
			);
			name = Products;
			sourceTree = "<group>";
		};
		8EF68E3B212D25C600C9D2D0 /* react_native */ = {
			isa = PBXGroup;
			children = (
				8EF68E3C212D25C600C9D2D0 /* AppDelegate.swift */,
				8EF68E3E212D25C600C9D2D0 /* ViewController.swift */,
				8EF68E40212D25C600C9D2D0 /* Main.storyboard */,
				8EF68E43212D25C700C9D2D0 /* Assets.xcassets */,
				8EF68E45212D25C700C9D2D0 /* LaunchScreen.storyboard */,
				8EF68E48212D25C700C9D2D0 /* Info.plist */,
			);
			path = react_native;
			sourceTree = "<group>";
		};
		A704BB5A4F284D279A1B381E /* Resources */ = {
			isa = "PBXGroup";
			children = (
				88754EE72E04400AB6502511 /* Entypo.ttf */,
				B684D9D7319649ECA9396627 /* EvilIcons.ttf */,
				934BB864B5924417BD5651E2 /* Feather.ttf */,
				5F62285358CE4F588398C181 /* FontAwesome.ttf */,
				0AC491BB1E22412F96C21982 /* Foundation.ttf */,
				2CFC8F96A7C94D9B8BEE9378 /* Ionicons.ttf */,
				9A5F763C569A421B88F44E5E /* MaterialCommunityIcons.ttf */,
				09383ECBB0904F51937EBAF1 /* MaterialIcons.ttf */,
				4D340E857CF24381B323B0B6 /* Octicons.ttf */,
				8DDF0186CDB844A4BB814A7E /* Roboto_medium.ttf */,
				96B03B03B70B4382A6EF4C89 /* Roboto.ttf */,
				4D007047F97F4731BF61709A /* rubicon-icon-font.ttf */,
				7508CD2107D44028A8E8CC09 /* SimpleLineIcons.ttf */,
				976FA828739A4130AF8E1AE0 /* Zocial.ttf */,
			);
			name = Resources;
			sourceTree = "<group>";
			path = "";
		};
/* End PBXGroup section */

/* Begin PBXNativeTarget section */
		8EF68E38212D25C600C9D2D0 /* react_native */ = {
			isa = PBXNativeTarget;
			buildConfigurationList = 8EF68E4B212D25C700C9D2D0 /* Build configuration list for PBXNativeTarget "react_native" */;
			buildPhases = (
				3F9DE5A680E3AB0FAC9796CD /* [CP] Check Pods Manifest.lock */,
				8EF68E35212D25C600C9D2D0 /* Sources */,
				8EF68E36212D25C600C9D2D0 /* Frameworks */,
				8EF68E37212D25C600C9D2D0 /* Resources */,
				65823B19D04E8D1916CE8596 /* [CP] Embed Pods Frameworks */,
			);
			buildRules = (
			);
			dependencies = (
			);
			name = react_native;
			productName = react_native;
			productReference = 8EF68E39212D25C600C9D2D0 /* react_native.app */;
			productType = "com.apple.product-type.application";
		};
/* End PBXNativeTarget section */

/* Begin PBXProject section */
		8EF68E31212D25C600C9D2D0 /* Project object */ = {
			isa = PBXProject;
			attributes = {
				LastSwiftUpdateCheck = 940;
				LastUpgradeCheck = 940;
				ORGANIZATIONNAME = "Phạm Như Vũ";
				TargetAttributes = {
					8EF68E38212D25C600C9D2D0 = {
						CreatedOnToolsVersion = 9.4.1;
					};
				};
			};
			buildConfigurationList = 8EF68E34212D25C600C9D2D0 /* Build configuration list for PBXProject "react_native" */;
			compatibilityVersion = "Xcode 9.3";
			developmentRegion = en;
			hasScannedForEncodings = 0;
			knownRegions = (
				en,
				Base,
			);
			mainGroup = 8EF68E30212D25C600C9D2D0;
			productRefGroup = 8EF68E3A212D25C600C9D2D0 /* Products */;
			projectDirPath = "";
			projectRoot = "";
			targets = (
				8EF68E38212D25C600C9D2D0 /* react_native */,
			);
		};
/* End PBXProject section */

/* Begin PBXResourcesBuildPhase section */
		8EF68E37212D25C600C9D2D0 /* Resources */ = {
			isa = PBXResourcesBuildPhase;
			buildActionMask = 2147483647;
			files = (
				8EF68E47212D25C700C9D2D0 /* LaunchScreen.storyboard in Resources */,
				8EF68E44212D25C700C9D2D0 /* Assets.xcassets in Resources */,
				8EF68E42212D25C600C9D2D0 /* Main.storyboard in Resources */,
				296BFD5F8760414493D50580 /* Entypo.ttf in Resources */,
				18DD907BA8C9413CADDF7678 /* EvilIcons.ttf in Resources */,
				746B781F0E154C28BECD5283 /* Feather.ttf in Resources */,
				4E14C768987948AE81694FCE /* FontAwesome.ttf in Resources */,
				602CBA2DED5F43E585911204 /* Foundation.ttf in Resources */,
				DE25D1C1010045CCA3C2DD95 /* Ionicons.ttf in Resources */,
				69F8EADFBB724A2EBB200005 /* MaterialCommunityIcons.ttf in Resources */,
				89D83B6E13554898A858B1F5 /* MaterialIcons.ttf in Resources */,
				90A8C3E155734A05B0508F59 /* Octicons.ttf in Resources */,
				896624BD0AB044958D97B730 /* Roboto_medium.ttf in Resources */,
				C1641BE15928450691B37302 /* Roboto.ttf in Resources */,
				5E17D5EE04EF41558C072821 /* rubicon-icon-font.ttf in Resources */,
				B3749DC4FD5F446DAB513584 /* SimpleLineIcons.ttf in Resources */,
				6481A7D7E91E4415B17605E9 /* Zocial.ttf in Resources */,
			);
			runOnlyForDeploymentPostprocessing = 0;
		};
/* End PBXResourcesBuildPhase section */

/* Begin PBXShellScriptBuildPhase section */
		3F9DE5A680E3AB0FAC9796CD /* [CP] Check Pods Manifest.lock */ = {
			isa = PBXShellScriptBuildPhase;
			buildActionMask = 2147483647;
			files = (
			);
			inputPaths = (
				"${PODS_PODFILE_DIR_PATH}/Podfile.lock",
				"${PODS_ROOT}/Manifest.lock",
			);
			name = "[CP] Check Pods Manifest.lock";
			outputPaths = (
				"$(DERIVED_FILE_DIR)/Pods-react_native-checkManifestLockResult.txt",
			);
			runOnlyForDeploymentPostprocessing = 0;
			shellPath = /bin/sh;
			shellScript = "diff \"${PODS_PODFILE_DIR_PATH}/Podfile.lock\" \"${PODS_ROOT}/Manifest.lock\" > /dev/null\nif [ $? != 0 ] ; then\n    # print error to STDERR\n    echo \"error: The sandbox is not in sync with the Podfile.lock. Run 'pod install' or update your CocoaPods installation.\" >&2\n    exit 1\nfi\n# This output is used by Xcode 'outputs' to avoid re-running this script phase.\necho \"SUCCESS\" > \"${SCRIPT_OUTPUT_FILE_0}\"\n";
			showEnvVarsInLog = 0;
		};
		65823B19D04E8D1916CE8596 /* [CP] Embed Pods Frameworks */ = {
			isa = PBXShellScriptBuildPhase;
			buildActionMask = 2147483647;
			files = (
			);
			inputPaths = (
				"${SRCROOT}/Pods/Target Support Files/Pods-react_native/Pods-react_native-frameworks.sh",
				"${BUILT_PRODUCTS_DIR}/DoubleConversion/DoubleConversion.framework",
				"${BUILT_PRODUCTS_DIR}/Folly/folly.framework",
				"${BUILT_PRODUCTS_DIR}/React/React.framework",
				"${BUILT_PRODUCTS_DIR}/glog/glog.framework",
				"${BUILT_PRODUCTS_DIR}/yoga/yoga.framework",
			);
			name = "[CP] Embed Pods Frameworks";
			outputPaths = (
				"${TARGET_BUILD_DIR}/${FRAMEWORKS_FOLDER_PATH}/DoubleConversion.framework",
				"${TARGET_BUILD_DIR}/${FRAMEWORKS_FOLDER_PATH}/folly.framework",
				"${TARGET_BUILD_DIR}/${FRAMEWORKS_FOLDER_PATH}/React.framework",
				"${TARGET_BUILD_DIR}/${FRAMEWORKS_FOLDER_PATH}/glog.framework",
				"${TARGET_BUILD_DIR}/${FRAMEWORKS_FOLDER_PATH}/yoga.framework",
			);
			runOnlyForDeploymentPostprocessing = 0;
			shellPath = /bin/sh;
			shellScript = "\"${SRCROOT}/Pods/Target Support Files/Pods-react_native/Pods-react_native-frameworks.sh\"\n";
			showEnvVarsInLog = 0;
		};
/* End PBXShellScriptBuildPhase section */

/* Begin PBXSourcesBuildPhase section */
		8EF68E35212D25C600C9D2D0 /* Sources */ = {
			isa = PBXSourcesBuildPhase;
			buildActionMask = 2147483647;
			files = (
				8EF68E3F212D25C600C9D2D0 /* ViewController.swift in Sources */,
				8EF68E3D212D25C600C9D2D0 /* AppDelegate.swift in Sources */,
			);
			runOnlyForDeploymentPostprocessing = 0;
		};
/* End PBXSourcesBuildPhase section */

/* Begin PBXVariantGroup section */
		8EF68E40212D25C600C9D2D0 /* Main.storyboard */ = {
			isa = PBXVariantGroup;
			children = (
				8EF68E41212D25C600C9D2D0 /* Base */,
			);
			name = Main.storyboard;
			sourceTree = "<group>";
		};
		8EF68E45212D25C700C9D2D0 /* LaunchScreen.storyboard */ = {
			isa = PBXVariantGroup;
			children = (
				8EF68E46212D25C700C9D2D0 /* Base */,
			);
			name = LaunchScreen.storyboard;
			sourceTree = "<group>";
		};
/* End PBXVariantGroup section */

/* Begin XCBuildConfiguration section */
		8EF68E49212D25C700C9D2D0 /* Debug */ = {
			isa = XCBuildConfiguration;
			buildSettings = {
				ALWAYS_SEARCH_USER_PATHS = NO;
				CLANG_ANALYZER_NONNULL = YES;
				CLANG_ANALYZER_NUMBER_OBJECT_CONVERSION = YES_AGGRESSIVE;
				CLANG_CXX_LANGUAGE_STANDARD = "gnu++14";
				CLANG_CXX_LIBRARY = "libc++";
				CLANG_ENABLE_MODULES = YES;
				CLANG_ENABLE_OBJC_ARC = YES;
				CLANG_ENABLE_OBJC_WEAK = YES;
				CLANG_WARN_BLOCK_CAPTURE_AUTORELEASING = YES;
				CLANG_WARN_BOOL_CONVERSION = YES;
				CLANG_WARN_COMMA = YES;
				CLANG_WARN_CONSTANT_CONVERSION = YES;
				CLANG_WARN_DEPRECATED_OBJC_IMPLEMENTATIONS = YES;
				CLANG_WARN_DIRECT_OBJC_ISA_USAGE = YES_ERROR;
				CLANG_WARN_DOCUMENTATION_COMMENTS = YES;
				CLANG_WARN_EMPTY_BODY = YES;
				CLANG_WARN_ENUM_CONVERSION = YES;
				CLANG_WARN_INFINITE_RECURSION = YES;
				CLANG_WARN_INT_CONVERSION = YES;
				CLANG_WARN_NON_LITERAL_NULL_CONVERSION = YES;
				CLANG_WARN_OBJC_IMPLICIT_RETAIN_SELF = YES;
				CLANG_WARN_OBJC_LITERAL_CONVERSION = YES;
				CLANG_WARN_OBJC_ROOT_CLASS = YES_ERROR;
				CLANG_WARN_RANGE_LOOP_ANALYSIS = YES;
				CLANG_WARN_STRICT_PROTOTYPES = YES;
				CLANG_WARN_SUSPICIOUS_MOVE = YES;
				CLANG_WARN_UNGUARDED_AVAILABILITY = YES_AGGRESSIVE;
				CLANG_WARN_UNREACHABLE_CODE = YES;
				CLANG_WARN__DUPLICATE_METHOD_MATCH = YES;
				CODE_SIGN_IDENTITY = "iPhone Developer";
				COPY_PHASE_STRIP = NO;
				DEBUG_INFORMATION_FORMAT = dwarf;
				ENABLE_STRICT_OBJC_MSGSEND = YES;
				ENABLE_TESTABILITY = YES;
				GCC_C_LANGUAGE_STANDARD = gnu11;
				GCC_DYNAMIC_NO_PIC = NO;
				GCC_NO_COMMON_BLOCKS = YES;
				GCC_OPTIMIZATION_LEVEL = 0;
				GCC_PREPROCESSOR_DEFINITIONS = (
					"DEBUG=1",
					"$(inherited)",
				);
				GCC_WARN_64_TO_32_BIT_CONVERSION = YES;
				GCC_WARN_ABOUT_RETURN_TYPE = YES_ERROR;
				GCC_WARN_UNDECLARED_SELECTOR = YES;
				GCC_WARN_UNINITIALIZED_AUTOS = YES_AGGRESSIVE;
				GCC_WARN_UNUSED_FUNCTION = YES;
				GCC_WARN_UNUSED_VARIABLE = YES;
				IPHONEOS_DEPLOYMENT_TARGET = 11.4;
				MTL_ENABLE_DEBUG_INFO = YES;
				ONLY_ACTIVE_ARCH = YES;
				SDKROOT = iphoneos;
				SWIFT_ACTIVE_COMPILATION_CONDITIONS = DEBUG;
				SWIFT_OPTIMIZATION_LEVEL = "-Onone";
			};
			name = Debug;
		};
		8EF68E4A212D25C700C9D2D0 /* Release */ = {
			isa = XCBuildConfiguration;
			buildSettings = {
				ALWAYS_SEARCH_USER_PATHS = NO;
				CLANG_ANALYZER_NONNULL = YES;
				CLANG_ANALYZER_NUMBER_OBJECT_CONVERSION = YES_AGGRESSIVE;
				CLANG_CXX_LANGUAGE_STANDARD = "gnu++14";
				CLANG_CXX_LIBRARY = "libc++";
				CLANG_ENABLE_MODULES = YES;
				CLANG_ENABLE_OBJC_ARC = YES;
				CLANG_ENABLE_OBJC_WEAK = YES;
				CLANG_WARN_BLOCK_CAPTURE_AUTORELEASING = YES;
				CLANG_WARN_BOOL_CONVERSION = YES;
				CLANG_WARN_COMMA = YES;
				CLANG_WARN_CONSTANT_CONVERSION = YES;
				CLANG_WARN_DEPRECATED_OBJC_IMPLEMENTATIONS = YES;
				CLANG_WARN_DIRECT_OBJC_ISA_USAGE = YES_ERROR;
				CLANG_WARN_DOCUMENTATION_COMMENTS = YES;
				CLANG_WARN_EMPTY_BODY = YES;
				CLANG_WARN_ENUM_CONVERSION = YES;
				CLANG_WARN_INFINITE_RECURSION = YES;
				CLANG_WARN_INT_CONVERSION = YES;
				CLANG_WARN_NON_LITERAL_NULL_CONVERSION = YES;
				CLANG_WARN_OBJC_IMPLICIT_RETAIN_SELF = YES;
				CLANG_WARN_OBJC_LITERAL_CONVERSION = YES;
				CLANG_WARN_OBJC_ROOT_CLASS = YES_ERROR;
				CLANG_WARN_RANGE_LOOP_ANALYSIS = YES;
				CLANG_WARN_STRICT_PROTOTYPES = YES;
				CLANG_WARN_SUSPICIOUS_MOVE = YES;
				CLANG_WARN_UNGUARDED_AVAILABILITY = YES_AGGRESSIVE;
				CLANG_WARN_UNREACHABLE_CODE = YES;
				CLANG_WARN__DUPLICATE_METHOD_MATCH = YES;
				CODE_SIGN_IDENTITY = "iPhone Developer";
				COPY_PHASE_STRIP = NO;
				DEBUG_INFORMATION_FORMAT = "dwarf-with-dsym";
				ENABLE_NS_ASSERTIONS = NO;
				ENABLE_STRICT_OBJC_MSGSEND = YES;
				GCC_C_LANGUAGE_STANDARD = gnu11;
				GCC_NO_COMMON_BLOCKS = YES;
				GCC_WARN_64_TO_32_BIT_CONVERSION = YES;
				GCC_WARN_ABOUT_RETURN_TYPE = YES_ERROR;
				GCC_WARN_UNDECLARED_SELECTOR = YES;
				GCC_WARN_UNINITIALIZED_AUTOS = YES_AGGRESSIVE;
				GCC_WARN_UNUSED_FUNCTION = YES;
				GCC_WARN_UNUSED_VARIABLE = YES;
				IPHONEOS_DEPLOYMENT_TARGET = 11.4;
				MTL_ENABLE_DEBUG_INFO = NO;
				SDKROOT = iphoneos;
				SWIFT_COMPILATION_MODE = wholemodule;
				SWIFT_OPTIMIZATION_LEVEL = "-O";
				VALIDATE_PRODUCT = YES;
			};
			name = Release;
		};
		8EF68E4C212D25C700C9D2D0 /* Debug */ = {
			isa = XCBuildConfiguration;
			baseConfigurationReference = 4A38D018CA44462638FC547D /* Pods-react_native.debug.xcconfig */;
			buildSettings = {
				ASSETCATALOG_COMPILER_APPICON_NAME = AppIcon;
				CODE_SIGN_STYLE = Automatic;
				DEVELOPMENT_TEAM = 277C8MZCDC;
				INFOPLIST_FILE = react_native/Info.plist;
				LD_RUNPATH_SEARCH_PATHS = "$(inherited) @executable_path/Frameworks";
				PRODUCT_BUNDLE_IDENTIFIER = "com.phamnhuvu.ios.react-native";
				PRODUCT_NAME = "$(TARGET_NAME)";
				SWIFT_VERSION = 4.0;
				TARGETED_DEVICE_FAMILY = "1,2";
			};
			name = Debug;
		};
		8EF68E4D212D25C700C9D2D0 /* Release */ = {
			isa = XCBuildConfiguration;
			baseConfigurationReference = CC86C777C5BC064226EEB102 /* Pods-react_native.release.xcconfig */;
			buildSettings = {
				ASSETCATALOG_COMPILER_APPICON_NAME = AppIcon;
				CODE_SIGN_STYLE = Automatic;
				DEVELOPMENT_TEAM = 277C8MZCDC;
				INFOPLIST_FILE = react_native/Info.plist;
				LD_RUNPATH_SEARCH_PATHS = "$(inherited) @executable_path/Frameworks";
				PRODUCT_BUNDLE_IDENTIFIER = "com.phamnhuvu.ios.react-native";
				PRODUCT_NAME = "$(TARGET_NAME)";
				SWIFT_VERSION = 4.0;
				TARGETED_DEVICE_FAMILY = "1,2";
			};
			name = Release;
		};
/* End XCBuildConfiguration section */

/* Begin XCConfigurationList section */
		8EF68E34212D25C600C9D2D0 /* Build configuration list for PBXProject "react_native" */ = {
			isa = XCConfigurationList;
			buildConfigurations = (
				8EF68E49212D25C700C9D2D0 /* Debug */,
				8EF68E4A212D25C700C9D2D0 /* Release */,
			);
			defaultConfigurationIsVisible = 0;
			defaultConfigurationName = Release;
		};
		8EF68E4B212D25C700C9D2D0 /* Build configuration list for PBXNativeTarget "react_native" */ = {
			isa = XCConfigurationList;
			buildConfigurations = (
				8EF68E4C212D25C700C9D2D0 /* Debug */,
				8EF68E4D212D25C700C9D2D0 /* Release */,
			);
			defaultConfigurationIsVisible = 0;
			defaultConfigurationName = Release;
		};
/* End XCConfigurationList section */
	};
	rootObject = 8EF68E31212D25C600C9D2D0 /* Project object */;
}
